
Microsoft Visual Studio Solution File, Format Version 12.00
# Visual Studio Version 17
VisualStudioVersion = 17.5.33414.496
MinimumVisualStudioVersion = 10.0.40219.1
Project("{FAE04EC0-301F-11D3-BF4B-00C04F79EFBC}") = "HTTPIntegration", "HTTPIntegration\HTTPIntegration.csproj", "{ABB7F253-9C05-4D64-A644-34923531D50B}"
EndProject
Global
	GlobalSection(SolutionConfigurationPlatforms) = preSolution
		Debug|Any CPU = Debug|Any CPU
		Release|Any CPU = Release|Any CPU
	EndGlobalSection
	GlobalSection(ProjectConfigurationPlatforms) = postSolution
		{ABB7F253-9C05-4D64-A644-34923531D50B}.Debug|Any CPU.ActiveCfg = Debug|Any CPU
		{ABB7F253-9C05-4D64-A644-34923531D50B}.Debug|Any CPU.Build.0 = Debug|Any CPU
		{ABB7F253-9C05-4D64-A644-34923531D50B}.Release|Any CPU.ActiveCfg = Release|Any CPU
		{ABB7F253-9C05-4D64-A644-34923531D50B}.Release|Any CPU.Build.0 = Release|Any CPU
	EndGlobalSection
	GlobalSection(SolutionProperties) = preSolution
		HideSolutionNode = FALSE
	EndGlobalSection
	GlobalSection(ExtensibilityGlobals) = postSolution
		SolutionGuid = {95CC9E5B-DECC-4F39-80F1-911EE210F411}
	EndGlobalSection
EndGlobal
